
Microsoft Visual Studio Solution File, Format Version 12.00
# Visual Studio Version 16
VisualStudioVersion = 16.0.30413.136
MinimumVisualStudioVersion = 10.0.40219.1
Project("{FAE04EC0-301F-11D3-BF4B-00C04F79EFBC}") = "BinaryTree", "BinaryTree\BinaryTree.csproj", "{BD43DA13-05CE-4B3B-A58A-E80EA3DE72E0}"
EndProject
Project("{FAE04EC0-301F-11D3-BF4B-00C04F79EFBC}") = "EnumeratorTest", "..\BinaryTree\EnumeratorTest\EnumeratorTest.csproj", "{92158F19-E4A1-4B8F-AD67-3FD9C9EFDF9B}"
EndProject
Global
	GlobalSection(SolutionConfigurationPlatforms) = preSolution
		Debug|Any CPU = Debug|Any CPU
		Release|Any CPU = Release|Any CPU
	EndGlobalSection
	GlobalSection(ProjectConfigurationPlatforms) = postSolution
		{BD43DA13-05CE-4B3B-A58A-E80EA3DE72E0}.Debug|Any CPU.ActiveCfg = Debug|Any CPU
		{BD43DA13-05CE-4B3B-A58A-E80EA3DE72E0}.Debug|Any CPU.Build.0 = Debug|Any CPU
		{BD43DA13-05CE-4B3B-A58A-E80EA3DE72E0}.Release|Any CPU.ActiveCfg = Release|Any CPU
		{BD43DA13-05CE-4B3B-A58A-E80EA3DE72E0}.Release|Any CPU.Build.0 = Release|Any CPU
		{92158F19-E4A1-4B8F-AD67-3FD9C9EFDF9B}.Debug|Any CPU.ActiveCfg = Debug|Any CPU
		{92158F19-E4A1-4B8F-AD67-3FD9C9EFDF9B}.Debug|Any CPU.Build.0 = Debug|Any CPU
		{92158F19-E4A1-4B8F-AD67-3FD9C9EFDF9B}.Release|Any CPU.ActiveCfg = Release|Any CPU
		{92158F19-E4A1-4B8F-AD67-3FD9C9EFDF9B}.Release|Any CPU.Build.0 = Release|Any CPU
	EndGlobalSection
	GlobalSection(SolutionProperties) = preSolution
		HideSolutionNode = FALSE
	EndGlobalSection
	GlobalSection(ExtensibilityGlobals) = postSolution
		SolutionGuid = {72A91C85-6F36-45C6-9DFB-651554E1813B}
	EndGlobalSection
EndGlobal
